
Microsoft Visual Studio Solution File, Format Version 12.00
# Visual Studio Version 16
VisualStudioVersion = 16.0.29102.190
MinimumVisualStudioVersion = 10.0.40219.1
Project("{FAE04EC0-301F-11D3-BF4B-00C04F79EFBC}") = "SumLinq", "SumLinq\SumLinq.csproj", "{4F48CB18-8BA7-4EE7-BA50-A2A033C71F5A}"
EndProject
Project("{FAE04EC0-301F-11D3-BF4B-00C04F79EFBC}") = "AverageLinq", "AverageLinq\AverageLinq.csproj", "{118BDB5C-B7DF-4AC9-99F5-FF2A65906A53}"
EndProject
Project("{FAE04EC0-301F-11D3-BF4B-00C04F79EFBC}") = "AggregateLinq", "AggregateLinq\AggregateLinq.csproj", "{799470B9-6490-4476-BD91-324F7FAB645A}"
EndProject
Global
	GlobalSection(SolutionConfigurationPlatforms) = preSolution
		Debug|Any CPU = Debug|Any CPU
		Release|Any CPU = Release|Any CPU
	EndGlobalSection
	GlobalSection(ProjectConfigurationPlatforms) = postSolution
		{4F48CB18-8BA7-4EE7-BA50-A2A033C71F5A}.Debug|Any CPU.ActiveCfg = Debug|Any CPU
		{4F48CB18-8BA7-4EE7-BA50-A2A033C71F5A}.Debug|Any CPU.Build.0 = Debug|Any CPU
		{4F48CB18-8BA7-4EE7-BA50-A2A033C71F5A}.Release|Any CPU.ActiveCfg = Release|Any CPU
		{4F48CB18-8BA7-4EE7-BA50-A2A033C71F5A}.Release|Any CPU.Build.0 = Release|Any CPU
		{118BDB5C-B7DF-4AC9-99F5-FF2A65906A53}.Debug|Any CPU.ActiveCfg = Debug|Any CPU
		{118BDB5C-B7DF-4AC9-99F5-FF2A65906A53}.Debug|Any CPU.Build.0 = Debug|Any CPU
		{118BDB5C-B7DF-4AC9-99F5-FF2A65906A53}.Release|Any CPU.ActiveCfg = Release|Any CPU
		{118BDB5C-B7DF-4AC9-99F5-FF2A65906A53}.Release|Any CPU.Build.0 = Release|Any CPU
		{799470B9-6490-4476-BD91-324F7FAB645A}.Debug|Any CPU.ActiveCfg = Debug|Any CPU
		{799470B9-6490-4476-BD91-324F7FAB645A}.Debug|Any CPU.Build.0 = Debug|Any CPU
		{799470B9-6490-4476-BD91-324F7FAB645A}.Release|Any CPU.ActiveCfg = Release|Any CPU
		{799470B9-6490-4476-BD91-324F7FAB645A}.Release|Any CPU.Build.0 = Release|Any CPU
	EndGlobalSection
	GlobalSection(SolutionProperties) = preSolution
		HideSolutionNode = FALSE
	EndGlobalSection
	GlobalSection(ExtensibilityGlobals) = postSolution
		SolutionGuid = {B630AE36-E4B7-432C-A7A0-7D4CAF7F452B}
	EndGlobalSection
EndGlobal
